// !$*UTF8*$!
{
	archiveVersion = 1;
	classes = {
	};
	objectVersion = 50;
	objects = {

/* Begin PBXBuildFile section */
		046C09F924D29E5F003FF277 /* AppDelegate.swift in Sources */ = {isa = PBXBuildFile; fileRef = 046C09F824D29E5F003FF277 /* AppDelegate.swift */; };
		046C09FB24D29E5F003FF277 /* SceneDelegate.swift in Sources */ = {isa = PBXBuildFile; fileRef = 046C09FA24D29E5F003FF277 /* SceneDelegate.swift */; };
		046C09FD24D29E5F003FF277 /* ContentView.swift in Sources */ = {isa = PBXBuildFile; fileRef = 046C09FC24D29E5F003FF277 /* ContentView.swift */; };
		046C09FF24D29E60003FF277 /* Assets.xcassets in Resources */ = {isa = PBXBuildFile; fileRef = 046C09FE24D29E60003FF277 /* Assets.xcassets */; };
		046C0A0224D29E60003FF277 /* Preview Assets.xcassets in Resources */ = {isa = PBXBuildFile; fileRef = 046C0A0124D29E60003FF277 /* Preview Assets.xcassets */; };
		046C0A0524D29E60003FF277 /* LaunchScreen.storyboard in Resources */ = {isa = PBXBuildFile; fileRef = 046C0A0324D29E60003FF277 /* LaunchScreen.storyboard */; };
		046C0A1024D29E61003FF277 /* topMoviesTests.swift in Sources */ = {isa = PBXBuildFile; fileRef = 046C0A0F24D29E61003FF277 /* topMoviesTests.swift */; };
		046C0A1B24D29E61003FF277 /* topMoviesUITests.swift in Sources */ = {isa = PBXBuildFile; fileRef = 046C0A1A24D29E61003FF277 /* topMoviesUITests.swift */; };
/* End PBXBuildFile section */

/* Begin PBXContainerItemProxy section */
		046C0A0C24D29E61003FF277 /* PBXContainerItemProxy */ = {
			isa = PBXContainerItemProxy;
			containerPortal = 046C09ED24D29E5F003FF277 /* Project object */;
			proxyType = 1;
			remoteGlobalIDString = 046C09F424D29E5F003FF277;
			remoteInfo = topMovies;
		};
		046C0A1724D29E61003FF277 /* PBXContainerItemProxy */ = {
			isa = PBXContainerItemProxy;
			containerPortal = 046C09ED24D29E5F003FF277 /* Project object */;
			proxyType = 1;
			remoteGlobalIDString = 046C09F424D29E5F003FF277;
			remoteInfo = topMovies;
		};
/* End PBXContainerItemProxy section */

/* Begin PBXFileReference section */
		046C09F524D29E5F003FF277 /* topMovies.app */ = {isa = PBXFileReference; explicitFileType = wrapper.application; includeInIndex = 0; path = topMovies.app; sourceTree = BUILT_PRODUCTS_DIR; };
		046C09F824D29E5F003FF277 /* AppDelegate.swift */ = {isa = PBXFileReference; lastKnownFileType = sourcecode.swift; path = AppDelegate.swift; sourceTree = "<group>"; };
		046C09FA24D29E5F003FF277 /* SceneDelegate.swift */ = {isa = PBXFileReference; lastKnownFileType = sourcecode.swift; path = SceneDelegate.swift; sourceTree = "<group>"; };
		046C09FC24D29E5F003FF277 /* ContentView.swift */ = {isa = PBXFileReference; lastKnownFileType = sourcecode.swift; path = ContentView.swift; sourceTree = "<group>"; };
		046C09FE24D29E60003FF277 /* Assets.xcassets */ = {isa = PBXFileReference; lastKnownFileType = folder.assetcatalog; path = Assets.xcassets; sourceTree = "<group>"; };
		046C0A0124D29E60003FF277 /* Preview Assets.xcassets */ = {isa = PBXFileReference; lastKnownFileType = folder.assetcatalog; path = "Preview Assets.xcassets"; sourceTree = "<group>"; };
		046C0A0424D29E60003FF277 /* Base */ = {isa = PBXFileReference; lastKnownFileType = file.storyboard; name = Base; path = Base.lproj/LaunchScreen.storyboard; sourceTree = "<group>"; };
		046C0A0624D29E60003FF277 /* Info.plist */ = {isa = PBXFileReference; lastKnownFileType = text.plist.xml; path = Info.plist; sourceTree = "<group>"; };
		046C0A0B24D29E61003FF277 /* topMoviesTests.xctest */ = {isa = PBXFileReference; explicitFileType = wrapper.cfbundle; includeInIndex = 0; path = topMoviesTests.xctest; sourceTree = BUILT_PRODUCTS_DIR; };
		046C0A0F24D29E61003FF277 /* topMoviesTests.swift */ = {isa = PBXFileReference; lastKnownFileType = sourcecode.swift; path = topMoviesTests.swift; sourceTree = "<group>"; };
		046C0A1124D29E61003FF277 /* Info.plist */ = {isa = PBXFileReference; lastKnownFileType = text.plist.xml; path = Info.plist; sourceTree = "<group>"; };
		046C0A1624D29E61003FF277 /* topMoviesUITests.xctest */ = {isa = PBXFileReference; explicitFileType = wrapper.cfbundle; includeInIndex = 0; path = topMoviesUITests.xctest; sourceTree = BUILT_PRODUCTS_DIR; };
		046C0A1A24D29E61003FF277 /* topMoviesUITests.swift */ = {isa = PBXFileReference; lastKnownFileType = sourcecode.swift; path = topMoviesUITests.swift; sourceTree = "<group>"; };
		046C0A1C24D29E61003FF277 /* Info.plist */ = {isa = PBXFileReference; lastKnownFileType = text.plist.xml; path = Info.plist; sourceTree = "<group>"; };
/* End PBXFileReference section */

/* Begin PBXFrameworksBuildPhase section */
		046C09F224D29E5F003FF277 /* Frameworks */ = {
			isa = PBXFrameworksBuildPhase;
			buildActionMask = 2147483647;
			files = (
			);
			runOnlyForDeploymentPostprocessing = 0;
		};
		046C0A0824D29E61003FF277 /* Frameworks */ = {
			isa = PBXFrameworksBuildPhase;
			buildActionMask = 2147483647;
			files = (
			);
			runOnlyForDeploymentPostprocessing = 0;
		};
		046C0A1324D29E61003FF277 /* Frameworks */ = {
			isa = PBXFrameworksBuildPhase;
			buildActionMask = 2147483647;
			files = (
			);
			runOnlyForDeploymentPostprocessing = 0;
		};
/* End PBXFrameworksBuildPhase section */

/* Begin PBXGroup section */
		046C09EC24D29E5F003FF277 = {
			isa = PBXGroup;
			children = (
				046C09F724D29E5F003FF277 /* topMovies */,
				046C0A0E24D29E61003FF277 /* topMoviesTests */,
				046C0A1924D29E61003FF277 /* topMoviesUITests */,
				046C09F624D29E5F003FF277 /* Products */,
			);
			sourceTree = "<group>";
		};
		046C09F624D29E5F003FF277 /* Products */ = {
			isa = PBXGroup;
			children = (
				046C09F524D29E5F003FF277 /* topMovies.app */,
				046C0A0B24D29E61003FF277 /* topMoviesTests.xctest */,
				046C0A1624D29E61003FF277 /* topMoviesUITests.xctest */,
			);
			name = Products;
			sourceTree = "<group>";
		};
		046C09F724D29E5F003FF277 /* topMovies */ = {
			isa = PBXGroup;
			children = (
				046C09F824D29E5F003FF277 /* AppDelegate.swift */,
				046C09FA24D29E5F003FF277 /* SceneDelegate.swift */,
				046C09FC24D29E5F003FF277 /* ContentView.swift */,
				046C09FE24D29E60003FF277 /* Assets.xcassets */,
				046C0A0324D29E60003FF277 /* LaunchScreen.storyboard */,
				046C0A0624D29E60003FF277 /* Info.plist */,
				046C0A0024D29E60003FF277 /* Preview Content */,
			);
			path = topMovies;
			sourceTree = "<group>";
		};
		046C0A0024D29E60003FF277 /* Preview Content */ = {
			isa = PBXGroup;
			children = (
				046C0A0124D29E60003FF277 /* Preview Assets.xcassets */,
			);
			path = "Preview Content";
			sourceTree = "<group>";
		};
		046C0A0E24D29E61003FF277 /* topMoviesTests */ = {
			isa = PBXGroup;
			children = (
				046C0A0F24D29E61003FF277 /* topMoviesTests.swift */,
				046C0A1124D29E61003FF277 /* Info.plist */,
			);
			path = topMoviesTests;
			sourceTree = "<group>";
		};
		046C0A1924D29E61003FF277 /* topMoviesUITests */ = {
			isa = PBXGroup;
			children = (
				046C0A1A24D29E61003FF277 /* topMoviesUITests.swift */,
				046C0A1C24D29E61003FF277 /* Info.plist */,
			);
			path = topMoviesUITests;
			sourceTree = "<group>";
		};
/* End PBXGroup section */

/* Begin PBXNativeTarget section */
		046C09F424D29E5F003FF277 /* topMovies */ = {
			isa = PBXNativeTarget;
			buildConfigurationList = 046C0A1F24D29E61003FF277 /* Build configuration list for PBXNativeTarget "topMovies" */;
			buildPhases = (
				046C09F124D29E5F003FF277 /* Sources */,
				046C09F224D29E5F003FF277 /* Frameworks */,
				046C09F324D29E5F003FF277 /* Resources */,
			);
			buildRules = (
			);
			dependencies = (
			);
			name = topMovies;
			productName = topMovies;
			productReference = 046C09F524D29E5F003FF277 /* topMovies.app */;
			productType = "com.apple.product-type.application";
		};
		046C0A0A24D29E61003FF277 /* topMoviesTests */ = {
			isa = PBXNativeTarget;
			buildConfigurationList = 046C0A2224D29E61003FF277 /* Build configuration list for PBXNativeTarget "topMoviesTests" */;
			buildPhases = (
				046C0A0724D29E61003FF277 /* Sources */,
				046C0A0824D29E61003FF277 /* Frameworks */,
				046C0A0924D29E61003FF277 /* Resources */,
			);
			buildRules = (
			);
			dependencies = (
				046C0A0D24D29E61003FF277 /* PBXTargetDependency */,
			);
			name = topMoviesTests;
			productName = topMoviesTests;
			productReference = 046C0A0B24D29E61003FF277 /* topMoviesTests.xctest */;
			productType = "com.apple.product-type.bundle.unit-test";
		};
		046C0A1524D29E61003FF277 /* topMoviesUITests */ = {
			isa = PBXNativeTarget;
			buildConfigurationList = 046C0A2524D29E61003FF277 /* Build configuration list for PBXNativeTarget "topMoviesUITests" */;
			buildPhases = (
				046C0A1224D29E61003FF277 /* Sources */,
				046C0A1324D29E61003FF277 /* Frameworks */,
				046C0A1424D29E61003FF277 /* Resources */,
			);
			buildRules = (
			);
			dependencies = (
				046C0A1824D29E61003FF277 /* PBXTargetDependency */,
			);
			name = topMoviesUITests;
			productName = topMoviesUITests;
			productReference = 046C0A1624D29E61003FF277 /* topMoviesUITests.xctest */;
			productType = "com.apple.product-type.bundle.ui-testing";
		};
/* End PBXNativeTarget section */

/* Begin PBXProject section */
		046C09ED24D29E5F003FF277 /* Project object */ = {
			isa = PBXProject;
			attributes = {
				LastSwiftUpdateCheck = 1160;
				LastUpgradeCheck = 1160;
				ORGANIZATIONNAME = songzi;
				TargetAttributes = {
					046C09F424D29E5F003FF277 = {
						CreatedOnToolsVersion = 11.6;
					};
					046C0A0A24D29E61003FF277 = {
						CreatedOnToolsVersion = 11.6;
						TestTargetID = 046C09F424D29E5F003FF277;
					};
					046C0A1524D29E61003FF277 = {
						CreatedOnToolsVersion = 11.6;
						TestTargetID = 046C09F424D29E5F003FF277;
					};
				};
			};
			buildConfigurationList = 046C09F024D29E5F003FF277 /* Build configuration list for PBXProject "topMovies" */;
			compatibilityVersion = "Xcode 9.3";
			developmentRegion = en;
			hasScannedForEncodings = 0;
			knownRegions = (
				en,
				Base,
			);
			mainGroup = 046C09EC24D29E5F003FF277;
			productRefGroup = 046C09F624D29E5F003FF277 /* Products */;
			projectDirPath = "";
			projectRoot = "";
			targets = (
				046C09F424D29E5F003FF277 /* topMovies */,
				046C0A0A24D29E61003FF277 /* topMoviesTests */,
				046C0A1524D29E61003FF277 /* topMoviesUITests */,
			);
		};
/* End PBXProject section */

/* Begin PBXResourcesBuildPhase section */
		046C09F324D29E5F003FF277 /* Resources */ = {
			isa = PBXResourcesBuildPhase;
			buildActionMask = 2147483647;
			files = (
				046C0A0524D29E60003FF277 /* LaunchScreen.storyboard in Resources */,
				046C0A0224D29E60003FF277 /* Preview Assets.xcassets in Resources */,
				046C09FF24D29E60003FF277 /* Assets.xcassets in Resources */,
			);
			runOnlyForDeploymentPostprocessing = 0;
		};
		046C0A0924D29E61003FF277 /* Resources */ = {
			isa = PBXResourcesBuildPhase;
			buildActionMask = 2147483647;
			files = (
			);
			runOnlyForDeploymentPostprocessing = 0;
		};
		046C0A1424D29E61003FF277 /* Resources */ = {
			isa = PBXResourcesBuildPhase;
			buildActionMask = 2147483647;
			files = (
			);
			runOnlyForDeploymentPostprocessing = 0;
		};
/* End PBXResourcesBuildPhase section */

/* Begin PBXSourcesBuildPhase section */
		046C09F124D29E5F003FF277 /* Sources */ = {
			isa = PBXSourcesBuildPhase;
			buildActionMask = 2147483647;
			files = (
				046C09F924D29E5F003FF277 /* AppDelegate.swift in Sources */,
				046C09FB24D29E5F003FF277 /* SceneDelegate.swift in Sources */,
				046C09FD24D29E5F003FF277 /* ContentView.swift in Sources */,
			);
			runOnlyForDeploymentPostprocessing = 0;
		};
		046C0A0724D29E61003FF277 /* Sources */ = {
			isa = PBXSourcesBuildPhase;
			buildActionMask = 2147483647;
			files = (
				046C0A1024D29E61003FF277 /* topMoviesTests.swift in Sources */,
			);
			runOnlyForDeploymentPostprocessing = 0;
		};
		046C0A1224D29E61003FF277 /* Sources */ = {
			isa = PBXSourcesBuildPhase;
			buildActionMask = 2147483647;
			files = (
				046C0A1B24D29E61003FF277 /* topMoviesUITests.swift in Sources */,
			);
			runOnlyForDeploymentPostprocessing = 0;
		};
/* End PBXSourcesBuildPhase section */

/* Begin PBXTargetDependency section */
		046C0A0D24D29E61003FF277 /* PBXTargetDependency */ = {
			isa = PBXTargetDependency;
			target = 046C09F424D29E5F003FF277 /* topMovies */;
			targetProxy = 046C0A0C24D29E61003FF277 /* PBXContainerItemProxy */;
		};
		046C0A1824D29E61003FF277 /* PBXTargetDependency */ = {
			isa = PBXTargetDependency;
			target = 046C09F424D29E5F003FF277 /* topMovies */;
			targetProxy = 046C0A1724D29E61003FF277 /* PBXContainerItemProxy */;
		};
/* End PBXTargetDependency section */

/* Begin PBXVariantGroup section */
		046C0A0324D29E60003FF277 /* LaunchScreen.storyboard */ = {
			isa = PBXVariantGroup;
			children = (
				046C0A0424D29E60003FF277 /* Base */,
			);
			name = LaunchScreen.storyboard;
			sourceTree = "<group>";
		};
/* End PBXVariantGroup section */

/* Begin XCBuildConfiguration section */
		046C0A1D24D29E61003FF277 /* Debug */ = {
			isa = XCBuildConfiguration;
			buildSettings = {
				ALWAYS_SEARCH_USER_PATHS = NO;
				CLANG_ANALYZER_NONNULL = YES;
				CLANG_ANALYZER_NUMBER_OBJECT_CONVERSION = YES_AGGRESSIVE;
				CLANG_CXX_LANGUAGE_STANDARD = "gnu++14";
				CLANG_CXX_LIBRARY = "libc++";
				CLANG_ENABLE_MODULES = YES;
				CLANG_ENABLE_OBJC_ARC = YES;
				CLANG_ENABLE_OBJC_WEAK = YES;
				CLANG_WARN_BLOCK_CAPTURE_AUTORELEASING = YES;
				CLANG_WARN_BOOL_CONVERSION = YES;
				CLANG_WARN_COMMA = YES;
				CLANG_WARN_CONSTANT_CONVERSION = YES;
				CLANG_WARN_DEPRECATED_OBJC_IMPLEMENTATIONS = YES;
				CLANG_WARN_DIRECT_OBJC_ISA_USAGE = YES_ERROR;
				CLANG_WARN_DOCUMENTATION_COMMENTS = YES;
				CLANG_WARN_EMPTY_BODY = YES;
				CLANG_WARN_ENUM_CONVERSION = YES;
				CLANG_WARN_INFINITE_RECURSION = YES;
				CLANG_WARN_INT_CONVERSION = YES;
				CLANG_WARN_NON_LITERAL_NULL_CONVERSION = YES;
				CLANG_WARN_OBJC_IMPLICIT_RETAIN_SELF = YES;
				CLANG_WARN_OBJC_LITERAL_CONVERSION = YES;
				CLANG_WARN_OBJC_ROOT_CLASS = YES_ERROR;
				CLANG_WARN_RANGE_LOOP_ANALYSIS = YES;
				CLANG_WARN_STRICT_PROTOTYPES = YES;
				CLANG_WARN_SUSPICIOUS_MOVE = YES;
				CLANG_WARN_UNGUARDED_AVAILABILITY = YES_AGGRESSIVE;
				CLANG_WARN_UNREACHABLE_CODE = YES;
				CLANG_WARN__DUPLICATE_METHOD_MATCH = YES;
				COPY_PHASE_STRIP = NO;
				DEBUG_INFORMATION_FORMAT = dwarf;
				ENABLE_STRICT_OBJC_MSGSEND = YES;
				ENABLE_TESTABILITY = YES;
				GCC_C_LANGUAGE_STANDARD = gnu11;
				GCC_DYNAMIC_NO_PIC = NO;
				GCC_NO_COMMON_BLOCKS = YES;
				GCC_OPTIMIZATION_LEVEL = 0;
				GCC_PREPROCESSOR_DEFINITIONS = (
					"DEBUG=1",
					"$(inherited)",
				);
				GCC_WARN_64_TO_32_BIT_CONVERSION = YES;
				GCC_WARN_ABOUT_RETURN_TYPE = YES_ERROR;
				GCC_WARN_UNDECLARED_SELECTOR = YES;
				GCC_WARN_UNINITIALIZED_AUTOS = YES_AGGRESSIVE;
				GCC_WARN_UNUSED_FUNCTION = YES;
				GCC_WARN_UNUSED_VARIABLE = YES;
				IPHONEOS_DEPLOYMENT_TARGET = 13.6;
				MTL_ENABLE_DEBUG_INFO = INCLUDE_SOURCE;
				MTL_FAST_MATH = YES;
				ONLY_ACTIVE_ARCH = YES;
				SDKROOT = iphoneos;
				SWIFT_ACTIVE_COMPILATION_CONDITIONS = DEBUG;
				SWIFT_OPTIMIZATION_LEVEL = "-Onone";
			};
			name = Debug;
		};
		046C0A1E24D29E61003FF277 /* Release */ = {
			isa = XCBuildConfiguration;
			buildSettings = {
				ALWAYS_SEARCH_USER_PATHS = NO;
				CLANG_ANALYZER_NONNULL = YES;
				CLANG_ANALYZER_NUMBER_OBJECT_CONVERSION = YES_AGGRESSIVE;
				CLANG_CXX_LANGUAGE_STANDARD = "gnu++14";
				CLANG_CXX_LIBRARY = "libc++";
				CLANG_ENABLE_MODULES = YES;
				CLANG_ENABLE_OBJC_ARC = YES;
				CLANG_ENABLE_OBJC_WEAK = YES;
				CLANG_WARN_BLOCK_CAPTURE_AUTORELEASING = YES;
				CLANG_WARN_BOOL_CONVERSION = YES;
				CLANG_WARN_COMMA = YES;
				CLANG_WARN_CONSTANT_CONVERSION = YES;
				CLANG_WARN_DEPRECATED_OBJC_IMPLEMENTATIONS = YES;
				CLANG_WARN_DIRECT_OBJC_ISA_USAGE = YES_ERROR;
				CLANG_WARN_DOCUMENTATION_COMMENTS = YES;
				CLANG_WARN_EMPTY_BODY = YES;
				CLANG_WARN_ENUM_CONVERSION = YES;
				CLANG_WARN_INFINITE_RECURSION = YES;
				CLANG_WARN_INT_CONVERSION = YES;
				CLANG_WARN_NON_LITERAL_NULL_CONVERSION = YES;
				CLANG_WARN_OBJC_IMPLICIT_RETAIN_SELF = YES;
				CLANG_WARN_OBJC_LITERAL_CONVERSION = YES;
				CLANG_WARN_OBJC_ROOT_CLASS = YES_ERROR;
				CLANG_WARN_RANGE_LOOP_ANALYSIS = YES;
				CLANG_WARN_STRICT_PROTOTYPES = YES;
				CLANG_WARN_SUSPICIOUS_MOVE = YES;
				CLANG_WARN_UNGUARDED_AVAILABILITY = YES_AGGRESSIVE;
				CLANG_WARN_UNREACHABLE_CODE = YES;
				CLANG_WARN__DUPLICATE_METHOD_MATCH = YES;
				COPY_PHASE_STRIP = NO;
				DEBUG_INFORMATION_FORMAT = "dwarf-with-dsym";
				ENABLE_NS_ASSERTIONS = NO;
				ENABLE_STRICT_OBJC_MSGSEND = YES;
				GCC_C_LANGUAGE_STANDARD = gnu11;
				GCC_NO_COMMON_BLOCKS = YES;
				GCC_WARN_64_TO_32_BIT_CONVERSION = YES;
				GCC_WARN_ABOUT_RETURN_TYPE = YES_ERROR;
				GCC_WARN_UNDECLARED_SELECTOR = YES;
				GCC_WARN_UNINITIALIZED_AUTOS = YES_AGGRESSIVE;
				GCC_WARN_UNUSED_FUNCTION = YES;
				GCC_WARN_UNUSED_VARIABLE = YES;
				IPHONEOS_DEPLOYMENT_TARGET = 13.6;
				MTL_ENABLE_DEBUG_INFO = NO;
				MTL_FAST_MATH = YES;
				SDKROOT = iphoneos;
				SWIFT_COMPILATION_MODE = wholemodule;
				SWIFT_OPTIMIZATION_LEVEL = "-O";
				VALIDATE_PRODUCT = YES;
			};
			name = Release;
		};
		046C0A2024D29E61003FF277 /* Debug */ = {
			isa = XCBuildConfiguration;
			buildSettings = {
				ASSETCATALOG_COMPILER_APPICON_NAME = AppIcon;
				CODE_SIGN_STYLE = Automatic;
				DEVELOPMENT_ASSET_PATHS = "\"topMovies/Preview Content\"";
				DEVELOPMENT_TEAM = Y59SLS4QLN;
				ENABLE_PREVIEWS = YES;
				INFOPLIST_FILE = topMovies/Info.plist;
				LD_RUNPATH_SEARCH_PATHS = (
					"$(inherited)",
					"@executable_path/Frameworks",
				);
				PRODUCT_BUNDLE_IDENTIFIER = com.songzi.topMovies;
				PRODUCT_NAME = "$(TARGET_NAME)";
				SWIFT_VERSION = 5.0;
				TARGETED_DEVICE_FAMILY = "1,2";
			};
			name = Debug;
		};
		046C0A2124D29E61003FF277 /* Release */ = {
			isa = XCBuildConfiguration;
			buildSettings = {
				ASSETCATALOG_COMPILER_APPICON_NAME = AppIcon;
				CODE_SIGN_STYLE = Automatic;
				DEVELOPMENT_ASSET_PATHS = "\"topMovies/Preview Content\"";
				DEVELOPMENT_TEAM = Y59SLS4QLN;
				ENABLE_PREVIEWS = YES;
				INFOPLIST_FILE = topMovies/Info.plist;
				LD_RUNPATH_SEARCH_PATHS = (
					"$(inherited)",
					"@executable_path/Frameworks",
				);
				PRODUCT_BUNDLE_IDENTIFIER = com.songzi.topMovies;
				PRODUCT_NAME = "$(TARGET_NAME)";
				SWIFT_VERSION = 5.0;
				TARGETED_DEVICE_FAMILY = "1,2";
			};
			name = Release;
		};
		046C0A2324D29E61003FF277 /* Debug */ = {
			isa = XCBuildConfiguration;
			buildSettings = {
				ALWAYS_EMBED_SWIFT_STANDARD_LIBRARIES = YES;
				BUNDLE_LOADER = "$(TEST_HOST)";
				CODE_SIGN_STYLE = Automatic;
				DEVELOPMENT_TEAM = Y59SLS4QLN;
				INFOPLIST_FILE = topMoviesTests/Info.plist;
				IPHONEOS_DEPLOYMENT_TARGET = 13.6;
				LD_RUNPATH_SEARCH_PATHS = (
					"$(inherited)",
					"@executable_path/Frameworks",
					"@loader_path/Frameworks",
				);
				PRODUCT_BUNDLE_IDENTIFIER = com.songzi.topMoviesTests;
				PRODUCT_NAME = "$(TARGET_NAME)";
				SWIFT_VERSION = 5.0;
				TARGETED_DEVICE_FAMILY = "1,2";
				TEST_HOST = "$(BUILT_PRODUCTS_DIR)/topMovies.app/topMovies";
			};
			name = Debug;
		};
		046C0A2424D29E61003FF277 /* Release */ = {
			isa = XCBuildConfiguration;
			buildSettings = {
				ALWAYS_EMBED_SWIFT_STANDARD_LIBRARIES = YES;
				BUNDLE_LOADER = "$(TEST_HOST)";
				CODE_SIGN_STYLE = Automatic;
				DEVELOPMENT_TEAM = Y59SLS4QLN;
				INFOPLIST_FILE = topMoviesTests/Info.plist;
				IPHONEOS_DEPLOYMENT_TARGET = 13.6;
				LD_RUNPATH_SEARCH_PATHS = (
					"$(inherited)",
					"@executable_path/Frameworks",
					"@loader_path/Frameworks",
				);
				PRODUCT_BUNDLE_IDENTIFIER = com.songzi.topMoviesTests;
				PRODUCT_NAME = "$(TARGET_NAME)";
				SWIFT_VERSION = 5.0;
				TARGETED_DEVICE_FAMILY = "1,2";
				TEST_HOST = "$(BUILT_PRODUCTS_DIR)/topMovies.app/topMovies";
			};
			name = Release;
		};
		046C0A2624D29E61003FF277 /* Debug */ = {
			isa = XCBuildConfiguration;
			buildSettings = {
				ALWAYS_EMBED_SWIFT_STANDARD_LIBRARIES = YES;
				CODE_SIGN_STYLE = Automatic;
				DEVELOPMENT_TEAM = Y59SLS4QLN;
				INFOPLIST_FILE = topMoviesUITests/Info.plist;
				LD_RUNPATH_SEARCH_PATHS = (
					"$(inherited)",
					"@executable_path/Frameworks",
					"@loader_path/Frameworks",
				);
				PRODUCT_BUNDLE_IDENTIFIER = com.songzi.topMoviesUITests;
				PRODUCT_NAME = "$(TARGET_NAME)";
				SWIFT_VERSION = 5.0;
				TARGETED_DEVICE_FAMILY = "1,2";
				TEST_TARGET_NAME = topMovies;
			};
			name = Debug;
		};
		046C0A2724D29E61003FF277 /* Release */ = {
			isa = XCBuildConfiguration;
			buildSettings = {
				ALWAYS_EMBED_SWIFT_STANDARD_LIBRARIES = YES;
				CODE_SIGN_STYLE = Automatic;
				DEVELOPMENT_TEAM = Y59SLS4QLN;
				INFOPLIST_FILE = topMoviesUITests/Info.plist;
				LD_RUNPATH_SEARCH_PATHS = (
					"$(inherited)",
					"@executable_path/Frameworks",
					"@loader_path/Frameworks",
				);
				PRODUCT_BUNDLE_IDENTIFIER = com.songzi.topMoviesUITests;
				PRODUCT_NAME = "$(TARGET_NAME)";
				SWIFT_VERSION = 5.0;
				TARGETED_DEVICE_FAMILY = "1,2";
				TEST_TARGET_NAME = topMovies;
			};
			name = Release;
		};
/* End XCBuildConfiguration section */

/* Begin XCConfigurationList section */
		046C09F024D29E5F003FF277 /* Build configuration list for PBXProject "topMovies" */ = {
			isa = XCConfigurationList;
			buildConfigurations = (
				046C0A1D24D29E61003FF277 /* Debug */,
				046C0A1E24D29E61003FF277 /* Release */,
			);
			defaultConfigurationIsVisible = 0;
			defaultConfigurationName = Release;
		};
		046C0A1F24D29E61003FF277 /* Build configuration list for PBXNativeTarget "topMovies" */ = {
			isa = XCConfigurationList;
			buildConfigurations = (
				046C0A2024D29E61003FF277 /* Debug */,
				046C0A2124D29E61003FF277 /* Release */,
			);
			defaultConfigurationIsVisible = 0;
			defaultConfigurationName = Release;
		};
		046C0A2224D29E61003FF277 /* Build configuration list for PBXNativeTarget "topMoviesTests" */ = {
			isa = XCConfigurationList;
			buildConfigurations = (
				046C0A2324D29E61003FF277 /* Debug */,
				046C0A2424D29E61003FF277 /* Release */,
			);
			defaultConfigurationIsVisible = 0;
			defaultConfigurationName = Release;
		};
		046C0A2524D29E61003FF277 /* Build configuration list for PBXNativeTarget "topMoviesUITests" */ = {
			isa = XCConfigurationList;
			buildConfigurations = (
				046C0A2624D29E61003FF277 /* Debug */,
				046C0A2724D29E61003FF277 /* Release */,
			);
			defaultConfigurationIsVisible = 0;
			defaultConfigurationName = Release;
		};
/* End XCConfigurationList section */
	};
	rootObject = 046C09ED24D29E5F003FF277 /* Project object */;
}
